
Microsoft Visual Studio Solution File, Format Version 12.00
# Visual Studio Version 16
VisualStudioVersion = 25.0.1706.14
MinimumVisualStudioVersion = 10.0.40219.1
Project("{FAE04EC0-301F-11D3-BF4B-00C04F79EFBC}") = "ANDOperaator", "ANDOperaator.csproj", "{952F2041-449E-4175-9262-A71F0FBC2787}"
EndProject
Global
	GlobalSection(SolutionConfigurationPlatforms) = preSolution
		Debug|Any CPU = Debug|Any CPU
		Release|Any CPU = Release|Any CPU
	EndGlobalSection
	GlobalSection(ProjectConfigurationPlatforms) = postSolution
		{952F2041-449E-4175-9262-A71F0FBC2787}.Debug|Any CPU.ActiveCfg = Debug|Any CPU
		{952F2041-449E-4175-9262-A71F0FBC2787}.Debug|Any CPU.Build.0 = Debug|Any CPU
		{952F2041-449E-4175-9262-A71F0FBC2787}.Release|Any CPU.ActiveCfg = Release|Any CPU
		{952F2041-449E-4175-9262-A71F0FBC2787}.Release|Any CPU.Build.0 = Release|Any CPU
	EndGlobalSection
	GlobalSection(SolutionProperties) = preSolution
		HideSolutionNode = FALSE
	EndGlobalSection
	GlobalSection(ExtensibilityGlobals) = postSolution
		SolutionGuid = {616BFA5C-FA9E-4F4D-95A7-E5F0B2AB34EB}
	EndGlobalSection
EndGlobal
